
Microsoft Visual Studio Solution File, Format Version 12.00
# Visual Studio Version 17
VisualStudioVersion = 17.13.35806.99 d17.13
MinimumVisualStudioVersion = 10.0.40219.1
Project("{FAE04EC0-301F-11D3-BF4B-00C04F79EFBC}") = "BestStoreMVC", "BestStoreMVC.csproj", "{8A58F93E-BE15-43AB-B491-EA26BF6500BE}"
EndProject
Global
	GlobalSection(SolutionConfigurationPlatforms) = preSolution
		Debug|Any CPU = Debug|Any CPU
		Release|Any CPU = Release|Any CPU
	EndGlobalSection
	GlobalSection(ProjectConfigurationPlatforms) = postSolution
		{8A58F93E-BE15-43AB-B491-EA26BF6500BE}.Debug|Any CPU.ActiveCfg = Debug|Any CPU
		{8A58F93E-BE15-43AB-B491-EA26BF6500BE}.Debug|Any CPU.Build.0 = Debug|Any CPU
		{8A58F93E-BE15-43AB-B491-EA26BF6500BE}.Release|Any CPU.ActiveCfg = Release|Any CPU
		{8A58F93E-BE15-43AB-B491-EA26BF6500BE}.Release|Any CPU.Build.0 = Release|Any CPU
	EndGlobalSection
	GlobalSection(SolutionProperties) = preSolution
		HideSolutionNode = FALSE
	EndGlobalSection
	GlobalSection(ExtensibilityGlobals) = postSolution
		SolutionGuid = {346BA9FA-8E4D-453F-A612-CF8DC7E18AD2}
	EndGlobalSection
EndGlobal
